// !$*UTF8*$!
{
	archiveVersion = 1;
	classes = {
	};
	objectVersion = 56;
	objects = {

/* Begin PBXBuildFile section */
		00CEE2BA2A6DAE6700CF9A8C /* Assigment_4_Animated_SetApp.swift in Sources */ = {isa = PBXBuildFile; fileRef = 00CEE2B92A6DAE6700CF9A8C /* Assigment_4_Animated_SetApp.swift */; };
		00CEE2BE2A6DAE6900CF9A8C /* Assets.xcassets in Resources */ = {isa = PBXBuildFile; fileRef = 00CEE2BD2A6DAE6900CF9A8C /* Assets.xcassets */; };
		00CEE2C12A6DAE6900CF9A8C /* Preview Assets.xcassets in Resources */ = {isa = PBXBuildFile; fileRef = 00CEE2C02A6DAE6900CF9A8C /* Preview Assets.xcassets */; };
		00CEE2DD2A6DAEA700CF9A8C /* GameViewModel.swift in Sources */ = {isa = PBXBuildFile; fileRef = 00CEE2C82A6DAEA600CF9A8C /* GameViewModel.swift */; };
		00CEE2DE2A6DAEA700CF9A8C /* SetGameModel.swift in Sources */ = {isa = PBXBuildFile; fileRef = 00CEE2CA2A6DAEA700CF9A8C /* SetGameModel.swift */; };
		00CEE2DF2A6DAEA700CF9A8C /* SetCarContent.swift in Sources */ = {isa = PBXBuildFile; fileRef = 00CEE2CB2A6DAEA700CF9A8C /* SetCarContent.swift */; };
		00CEE2E02A6DAEA700CF9A8C /* DiamonShape.swift in Sources */ = {isa = PBXBuildFile; fileRef = 00CEE2CE2A6DAEA700CF9A8C /* DiamonShape.swift */; };
		00CEE2E12A6DAEA700CF9A8C /* SquiggleShape.swift in Sources */ = {isa = PBXBuildFile; fileRef = 00CEE2CF2A6DAEA700CF9A8C /* SquiggleShape.swift */; };
		00CEE2E22A6DAEA700CF9A8C /* OvalShape.swift in Sources */ = {isa = PBXBuildFile; fileRef = 00CEE2D02A6DAEA700CF9A8C /* OvalShape.swift */; };
		00CEE2E32A6DAEA700CF9A8C /* StripesShade.swift in Sources */ = {isa = PBXBuildFile; fileRef = 00CEE2D22A6DAEA700CF9A8C /* StripesShade.swift */; };
		00CEE2E42A6DAEA700CF9A8C /* CardView.swift in Sources */ = {isa = PBXBuildFile; fileRef = 00CEE2D32A6DAEA700CF9A8C /* CardView.swift */; };
		00CEE2E52A6DAEA700CF9A8C /* CreateCardContentView.swift in Sources */ = {isa = PBXBuildFile; fileRef = 00CEE2D52A6DAEA700CF9A8C /* CreateCardContentView.swift */; };
		00CEE2E62A6DAEA700CF9A8C /* AspectVGrid.swift in Sources */ = {isa = PBXBuildFile; fileRef = 00CEE2D72A6DAEA700CF9A8C /* AspectVGrid.swift */; };
		00CEE2E72A6DAEA700CF9A8C /* CircularProgressStyle.swift in Sources */ = {isa = PBXBuildFile; fileRef = 00CEE2D82A6DAEA700CF9A8C /* CircularProgressStyle.swift */; };
		00CEE2E82A6DAEA700CF9A8C /* AdaptiveStack.swift in Sources */ = {isa = PBXBuildFile; fileRef = 00CEE2D92A6DAEA700CF9A8C /* AdaptiveStack.swift */; };
		00CEE2E92A6DAEA700CF9A8C /* SetGameView.swift in Sources */ = {isa = PBXBuildFile; fileRef = 00CEE2DA2A6DAEA700CF9A8C /* SetGameView.swift */; };
		00EA20C52A6E16B2003A1905 /* Cardify.swift in Sources */ = {isa = PBXBuildFile; fileRef = 00EA20C42A6E16B2003A1905 /* Cardify.swift */; };
/* End PBXBuildFile section */

/* Begin PBXFileReference section */
		00CEE2B62A6DAE6700CF9A8C /* Assigment-4-Animated-Set.app */ = {isa = PBXFileReference; explicitFileType = wrapper.application; includeInIndex = 0; path = "Assigment-4-Animated-Set.app"; sourceTree = BUILT_PRODUCTS_DIR; };
		00CEE2B92A6DAE6700CF9A8C /* Assigment_4_Animated_SetApp.swift */ = {isa = PBXFileReference; lastKnownFileType = sourcecode.swift; path = Assigment_4_Animated_SetApp.swift; sourceTree = "<group>"; };
		00CEE2BD2A6DAE6900CF9A8C /* Assets.xcassets */ = {isa = PBXFileReference; lastKnownFileType = folder.assetcatalog; path = Assets.xcassets; sourceTree = "<group>"; };
		00CEE2C02A6DAE6900CF9A8C /* Preview Assets.xcassets */ = {isa = PBXFileReference; lastKnownFileType = folder.assetcatalog; path = "Preview Assets.xcassets"; sourceTree = "<group>"; };
		00CEE2C82A6DAEA600CF9A8C /* GameViewModel.swift */ = {isa = PBXFileReference; fileEncoding = 4; lastKnownFileType = sourcecode.swift; path = GameViewModel.swift; sourceTree = "<group>"; };
		00CEE2CA2A6DAEA700CF9A8C /* SetGameModel.swift */ = {isa = PBXFileReference; fileEncoding = 4; lastKnownFileType = sourcecode.swift; path = SetGameModel.swift; sourceTree = "<group>"; };
		00CEE2CB2A6DAEA700CF9A8C /* SetCarContent.swift */ = {isa = PBXFileReference; fileEncoding = 4; lastKnownFileType = sourcecode.swift; path = SetCarContent.swift; sourceTree = "<group>"; };
		00CEE2CE2A6DAEA700CF9A8C /* DiamonShape.swift */ = {isa = PBXFileReference; fileEncoding = 4; lastKnownFileType = sourcecode.swift; path = DiamonShape.swift; sourceTree = "<group>"; };
		00CEE2CF2A6DAEA700CF9A8C /* SquiggleShape.swift */ = {isa = PBXFileReference; fileEncoding = 4; lastKnownFileType = sourcecode.swift; path = SquiggleShape.swift; sourceTree = "<group>"; };
		00CEE2D02A6DAEA700CF9A8C /* OvalShape.swift */ = {isa = PBXFileReference; fileEncoding = 4; lastKnownFileType = sourcecode.swift; path = OvalShape.swift; sourceTree = "<group>"; };
		00CEE2D22A6DAEA700CF9A8C /* StripesShade.swift */ = {isa = PBXFileReference; fileEncoding = 4; lastKnownFileType = sourcecode.swift; path = StripesShade.swift; sourceTree = "<group>"; };
		00CEE2D32A6DAEA700CF9A8C /* CardView.swift */ = {isa = PBXFileReference; fileEncoding = 4; lastKnownFileType = sourcecode.swift; path = CardView.swift; sourceTree = "<group>"; };
		00CEE2D52A6DAEA700CF9A8C /* CreateCardContentView.swift */ = {isa = PBXFileReference; fileEncoding = 4; lastKnownFileType = sourcecode.swift; path = CreateCardContentView.swift; sourceTree = "<group>"; };
		00CEE2D72A6DAEA700CF9A8C /* AspectVGrid.swift */ = {isa = PBXFileReference; fileEncoding = 4; lastKnownFileType = sourcecode.swift; path = AspectVGrid.swift; sourceTree = "<group>"; };
		00CEE2D82A6DAEA700CF9A8C /* CircularProgressStyle.swift */ = {isa = PBXFileReference; fileEncoding = 4; lastKnownFileType = sourcecode.swift; path = CircularProgressStyle.swift; sourceTree = "<group>"; };
		00CEE2D92A6DAEA700CF9A8C /* AdaptiveStack.swift */ = {isa = PBXFileReference; fileEncoding = 4; lastKnownFileType = sourcecode.swift; path = AdaptiveStack.swift; sourceTree = "<group>"; };
		00CEE2DA2A6DAEA700CF9A8C /* SetGameView.swift */ = {isa = PBXFileReference; fileEncoding = 4; lastKnownFileType = sourcecode.swift; path = SetGameView.swift; sourceTree = "<group>"; };
		00EA20C42A6E16B2003A1905 /* Cardify.swift */ = {isa = PBXFileReference; lastKnownFileType = sourcecode.swift; path = Cardify.swift; sourceTree = "<group>"; };
/* End PBXFileReference section */

/* Begin PBXFrameworksBuildPhase section */
		00CEE2B32A6DAE6700CF9A8C /* Frameworks */ = {
			isa = PBXFrameworksBuildPhase;
			buildActionMask = 2147483647;
			files = (
			);
			runOnlyForDeploymentPostprocessing = 0;
		};
/* End PBXFrameworksBuildPhase section */

/* Begin PBXGroup section */
		00CEE2AD2A6DAE6700CF9A8C = {
			isa = PBXGroup;
			children = (
				00CEE2B82A6DAE6700CF9A8C /* Assigment-4-Animated-Set */,
				00CEE2B72A6DAE6700CF9A8C /* Products */,
			);
			sourceTree = "<group>";
		};
		00CEE2B72A6DAE6700CF9A8C /* Products */ = {
			isa = PBXGroup;
			children = (
				00CEE2B62A6DAE6700CF9A8C /* Assigment-4-Animated-Set.app */,
			);
			name = Products;
			sourceTree = "<group>";
		};
		00CEE2B82A6DAE6700CF9A8C /* Assigment-4-Animated-Set */ = {
			isa = PBXGroup;
			children = (
				00CEE2B92A6DAE6700CF9A8C /* Assigment_4_Animated_SetApp.swift */,
				00CEE2C92A6DAEA700CF9A8C /* Model */,
				00CEE2CC2A6DAEA700CF9A8C /* View */,
				00CEE2C72A6DAEA600CF9A8C /* View Model */,
				00CEE2BD2A6DAE6900CF9A8C /* Assets.xcassets */,
				00CEE2BF2A6DAE6900CF9A8C /* Preview Content */,
			);
			path = "Assigment-4-Animated-Set";
			sourceTree = "<group>";
		};
		00CEE2BF2A6DAE6900CF9A8C /* Preview Content */ = {
			isa = PBXGroup;
			children = (
				00CEE2C02A6DAE6900CF9A8C /* Preview Assets.xcassets */,
			);
			path = "Preview Content";
			sourceTree = "<group>";
		};
		00CEE2C72A6DAEA600CF9A8C /* View Model */ = {
			isa = PBXGroup;
			children = (
				00CEE2C82A6DAEA600CF9A8C /* GameViewModel.swift */,
			);
			path = "View Model";
			sourceTree = "<group>";
		};
		00CEE2C92A6DAEA700CF9A8C /* Model */ = {
			isa = PBXGroup;
			children = (
				00CEE2CA2A6DAEA700CF9A8C /* SetGameModel.swift */,
				00CEE2CB2A6DAEA700CF9A8C /* SetCarContent.swift */,
			);
			path = Model;
			sourceTree = "<group>";
		};
		00CEE2CC2A6DAEA700CF9A8C /* View */ = {
			isa = PBXGroup;
			children = (
				00CEE2DA2A6DAEA700CF9A8C /* SetGameView.swift */,
				00EA20C42A6E16B2003A1905 /* Cardify.swift */,
				00CEE2F02A6E048200CF9A8C /* Card View */,
				00CEE2CD2A6DAEA700CF9A8C /* Set Shapes */,
				00CEE2D12A6DAEA700CF9A8C /* Set Shade */,
				00CEE2D42A6DAEA700CF9A8C /* Set Card Content */,
				00CEE2D62A6DAEA700CF9A8C /* Helper Views */,
			);
			path = View;
			sourceTree = "<group>";
		};
		00CEE2CD2A6DAEA700CF9A8C /* Set Shapes */ = {
			isa = PBXGroup;
			children = (
				00CEE2CE2A6DAEA700CF9A8C /* DiamonShape.swift */,
				00CEE2CF2A6DAEA700CF9A8C /* SquiggleShape.swift */,
				00CEE2D02A6DAEA700CF9A8C /* OvalShape.swift */,
			);
			path = "Set Shapes";
			sourceTree = "<group>";
		};
		00CEE2D12A6DAEA700CF9A8C /* Set Shade */ = {
			isa = PBXGroup;
			children = (
				00CEE2D22A6DAEA700CF9A8C /* StripesShade.swift */,
			);
			path = "Set Shade";
			sourceTree = "<group>";
		};
		00CEE2D42A6DAEA700CF9A8C /* Set Card Content */ = {
			isa = PBXGroup;
			children = (
				00CEE2D52A6DAEA700CF9A8C /* CreateCardContentView.swift */,
			);
			path = "Set Card Content";
			sourceTree = "<group>";
		};
		00CEE2D62A6DAEA700CF9A8C /* Helper Views */ = {
			isa = PBXGroup;
			children = (
				00CEE2D72A6DAEA700CF9A8C /* AspectVGrid.swift */,
				00CEE2D82A6DAEA700CF9A8C /* CircularProgressStyle.swift */,
				00CEE2D92A6DAEA700CF9A8C /* AdaptiveStack.swift */,
			);
			path = "Helper Views";
			sourceTree = "<group>";
		};
		00CEE2F02A6E048200CF9A8C /* Card View */ = {
			isa = PBXGroup;
			children = (
				00CEE2D32A6DAEA700CF9A8C /* CardView.swift */,
			);
			path = "Card View";
			sourceTree = "<group>";
		};
/* End PBXGroup section */

/* Begin PBXNativeTarget section */
		00CEE2B52A6DAE6700CF9A8C /* Assigment-4-Animated-Set */ = {
			isa = PBXNativeTarget;
			buildConfigurationList = 00CEE2C42A6DAE6900CF9A8C /* Build configuration list for PBXNativeTarget "Assigment-4-Animated-Set" */;
			buildPhases = (
				00CEE2B22A6DAE6700CF9A8C /* Sources */,
				00CEE2B32A6DAE6700CF9A8C /* Frameworks */,
				00CEE2B42A6DAE6700CF9A8C /* Resources */,
			);
			buildRules = (
			);
			dependencies = (
			);
			name = "Assigment-4-Animated-Set";
			productName = "Assigment-4-Animated-Set";
			productReference = 00CEE2B62A6DAE6700CF9A8C /* Assigment-4-Animated-Set.app */;
			productType = "com.apple.product-type.application";
		};
/* End PBXNativeTarget section */

/* Begin PBXProject section */
		00CEE2AE2A6DAE6700CF9A8C /* Project object */ = {
			isa = PBXProject;
			attributes = {
				BuildIndependentTargetsInParallel = 1;
				LastSwiftUpdateCheck = 1430;
				LastUpgradeCheck = 1430;
				TargetAttributes = {
					00CEE2B52A6DAE6700CF9A8C = {
						CreatedOnToolsVersion = 14.3.1;
					};
				};
			};
			buildConfigurationList = 00CEE2B12A6DAE6700CF9A8C /* Build configuration list for PBXProject "Assigment-4-Animated-Set" */;
			compatibilityVersion = "Xcode 14.0";
			developmentRegion = en;
			hasScannedForEncodings = 0;
			knownRegions = (
				en,
				Base,
			);
			mainGroup = 00CEE2AD2A6DAE6700CF9A8C;
			productRefGroup = 00CEE2B72A6DAE6700CF9A8C /* Products */;
			projectDirPath = "";
			projectRoot = "";
			targets = (
				00CEE2B52A6DAE6700CF9A8C /* Assigment-4-Animated-Set */,
			);
		};
/* End PBXProject section */

/* Begin PBXResourcesBuildPhase section */
		00CEE2B42A6DAE6700CF9A8C /* Resources */ = {
			isa = PBXResourcesBuildPhase;
			buildActionMask = 2147483647;
			files = (
				00CEE2C12A6DAE6900CF9A8C /* Preview Assets.xcassets in Resources */,
				00CEE2BE2A6DAE6900CF9A8C /* Assets.xcassets in Resources */,
			);
			runOnlyForDeploymentPostprocessing = 0;
		};
/* End PBXResourcesBuildPhase section */

/* Begin PBXSourcesBuildPhase section */
		00CEE2B22A6DAE6700CF9A8C /* Sources */ = {
			isa = PBXSourcesBuildPhase;
			buildActionMask = 2147483647;
			files = (
				00CEE2DE2A6DAEA700CF9A8C /* SetGameModel.swift in Sources */,
				00CEE2E12A6DAEA700CF9A8C /* SquiggleShape.swift in Sources */,
				00CEE2DD2A6DAEA700CF9A8C /* GameViewModel.swift in Sources */,
				00CEE2E32A6DAEA700CF9A8C /* StripesShade.swift in Sources */,
				00CEE2E52A6DAEA700CF9A8C /* CreateCardContentView.swift in Sources */,
				00CEE2E72A6DAEA700CF9A8C /* CircularProgressStyle.swift in Sources */,
				00CEE2E42A6DAEA700CF9A8C /* CardView.swift in Sources */,
				00CEE2E82A6DAEA700CF9A8C /* AdaptiveStack.swift in Sources */,
				00CEE2DF2A6DAEA700CF9A8C /* SetCarContent.swift in Sources */,
				00CEE2E62A6DAEA700CF9A8C /* AspectVGrid.swift in Sources */,
				00EA20C52A6E16B2003A1905 /* Cardify.swift in Sources */,
				00CEE2E22A6DAEA700CF9A8C /* OvalShape.swift in Sources */,
				00CEE2BA2A6DAE6700CF9A8C /* Assigment_4_Animated_SetApp.swift in Sources */,
				00CEE2E02A6DAEA700CF9A8C /* DiamonShape.swift in Sources */,
				00CEE2E92A6DAEA700CF9A8C /* SetGameView.swift in Sources */,
			);
			runOnlyForDeploymentPostprocessing = 0;
		};
/* End PBXSourcesBuildPhase section */

/* Begin XCBuildConfiguration section */
		00CEE2C22A6DAE6900CF9A8C /* Debug */ = {
			isa = XCBuildConfiguration;
			buildSettings = {
				ALWAYS_SEARCH_USER_PATHS = NO;
				CLANG_ANALYZER_NONNULL = YES;
				CLANG_ANALYZER_NUMBER_OBJECT_CONVERSION = YES_AGGRESSIVE;
				CLANG_CXX_LANGUAGE_STANDARD = "gnu++20";
				CLANG_ENABLE_MODULES = YES;
				CLANG_ENABLE_OBJC_ARC = YES;
				CLANG_ENABLE_OBJC_WEAK = YES;
				CLANG_WARN_BLOCK_CAPTURE_AUTORELEASING = YES;
				CLANG_WARN_BOOL_CONVERSION = YES;
				CLANG_WARN_COMMA = YES;
				CLANG_WARN_CONSTANT_CONVERSION = YES;
				CLANG_WARN_DEPRECATED_OBJC_IMPLEMENTATIONS = YES;
				CLANG_WARN_DIRECT_OBJC_ISA_USAGE = YES_ERROR;
				CLANG_WARN_DOCUMENTATION_COMMENTS = YES;
				CLANG_WARN_EMPTY_BODY = YES;
				CLANG_WARN_ENUM_CONVERSION = YES;
				CLANG_WARN_INFINITE_RECURSION = YES;
				CLANG_WARN_INT_CONVERSION = YES;
				CLANG_WARN_NON_LITERAL_NULL_CONVERSION = YES;
				CLANG_WARN_OBJC_IMPLICIT_RETAIN_SELF = YES;
				CLANG_WARN_OBJC_LITERAL_CONVERSION = YES;
				CLANG_WARN_OBJC_ROOT_CLASS = YES_ERROR;
				CLANG_WARN_QUOTED_INCLUDE_IN_FRAMEWORK_HEADER = YES;
				CLANG_WARN_RANGE_LOOP_ANALYSIS = YES;
				CLANG_WARN_STRICT_PROTOTYPES = YES;
				CLANG_WARN_SUSPICIOUS_MOVE = YES;
				CLANG_WARN_UNGUARDED_AVAILABILITY = YES_AGGRESSIVE;
				CLANG_WARN_UNREACHABLE_CODE = YES;
				CLANG_WARN__DUPLICATE_METHOD_MATCH = YES;
				COPY_PHASE_STRIP = NO;
				DEBUG_INFORMATION_FORMAT = dwarf;
				ENABLE_STRICT_OBJC_MSGSEND = YES;
				ENABLE_TESTABILITY = YES;
				GCC_C_LANGUAGE_STANDARD = gnu11;
				GCC_DYNAMIC_NO_PIC = NO;
				GCC_NO_COMMON_BLOCKS = YES;
				GCC_OPTIMIZATION_LEVEL = 0;
				GCC_PREPROCESSOR_DEFINITIONS = (
					"DEBUG=1",
					"$(inherited)",
				);
				GCC_WARN_64_TO_32_BIT_CONVERSION = YES;
				GCC_WARN_ABOUT_RETURN_TYPE = YES_ERROR;
				GCC_WARN_UNDECLARED_SELECTOR = YES;
				GCC_WARN_UNINITIALIZED_AUTOS = YES_AGGRESSIVE;
				GCC_WARN_UNUSED_FUNCTION = YES;
				GCC_WARN_UNUSED_VARIABLE = YES;
				IPHONEOS_DEPLOYMENT_TARGET = 16.4;
				MTL_ENABLE_DEBUG_INFO = INCLUDE_SOURCE;
				MTL_FAST_MATH = YES;
				ONLY_ACTIVE_ARCH = YES;
				SDKROOT = iphoneos;
				SWIFT_ACTIVE_COMPILATION_CONDITIONS = DEBUG;
				SWIFT_OPTIMIZATION_LEVEL = "-Onone";
			};
			name = Debug;
		};
		00CEE2C32A6DAE6900CF9A8C /* Release */ = {
			isa = XCBuildConfiguration;
			buildSettings = {
				ALWAYS_SEARCH_USER_PATHS = NO;
				CLANG_ANALYZER_NONNULL = YES;
				CLANG_ANALYZER_NUMBER_OBJECT_CONVERSION = YES_AGGRESSIVE;
				CLANG_CXX_LANGUAGE_STANDARD = "gnu++20";
				CLANG_ENABLE_MODULES = YES;
				CLANG_ENABLE_OBJC_ARC = YES;
				CLANG_ENABLE_OBJC_WEAK = YES;
				CLANG_WARN_BLOCK_CAPTURE_AUTORELEASING = YES;
				CLANG_WARN_BOOL_CONVERSION = YES;
				CLANG_WARN_COMMA = YES;
				CLANG_WARN_CONSTANT_CONVERSION = YES;
				CLANG_WARN_DEPRECATED_OBJC_IMPLEMENTATIONS = YES;
				CLANG_WARN_DIRECT_OBJC_ISA_USAGE = YES_ERROR;
				CLANG_WARN_DOCUMENTATION_COMMENTS = YES;
				CLANG_WARN_EMPTY_BODY = YES;
				CLANG_WARN_ENUM_CONVERSION = YES;
				CLANG_WARN_INFINITE_RECURSION = YES;
				CLANG_WARN_INT_CONVERSION = YES;
				CLANG_WARN_NON_LITERAL_NULL_CONVERSION = YES;
				CLANG_WARN_OBJC_IMPLICIT_RETAIN_SELF = YES;
				CLANG_WARN_OBJC_LITERAL_CONVERSION = YES;
				CLANG_WARN_OBJC_ROOT_CLASS = YES_ERROR;
				CLANG_WARN_QUOTED_INCLUDE_IN_FRAMEWORK_HEADER = YES;
				CLANG_WARN_RANGE_LOOP_ANALYSIS = YES;
				CLANG_WARN_STRICT_PROTOTYPES = YES;
				CLANG_WARN_SUSPICIOUS_MOVE = YES;
				CLANG_WARN_UNGUARDED_AVAILABILITY = YES_AGGRESSIVE;
				CLANG_WARN_UNREACHABLE_CODE = YES;
				CLANG_WARN__DUPLICATE_METHOD_MATCH = YES;
				COPY_PHASE_STRIP = NO;
				DEBUG_INFORMATION_FORMAT = "dwarf-with-dsym";
				ENABLE_NS_ASSERTIONS = NO;
				ENABLE_STRICT_OBJC_MSGSEND = YES;
				GCC_C_LANGUAGE_STANDARD = gnu11;
				GCC_NO_COMMON_BLOCKS = YES;
				GCC_WARN_64_TO_32_BIT_CONVERSION = YES;
				GCC_WARN_ABOUT_RETURN_TYPE = YES_ERROR;
				GCC_WARN_UNDECLARED_SELECTOR = YES;
				GCC_WARN_UNINITIALIZED_AUTOS = YES_AGGRESSIVE;
				GCC_WARN_UNUSED_FUNCTION = YES;
				GCC_WARN_UNUSED_VARIABLE = YES;
				IPHONEOS_DEPLOYMENT_TARGET = 16.4;
				MTL_ENABLE_DEBUG_INFO = NO;
				MTL_FAST_MATH = YES;
				SDKROOT = iphoneos;
				SWIFT_COMPILATION_MODE = wholemodule;
				SWIFT_OPTIMIZATION_LEVEL = "-O";
				VALIDATE_PRODUCT = YES;
			};
			name = Release;
		};
		00CEE2C52A6DAE6900CF9A8C /* Debug */ = {
			isa = XCBuildConfiguration;
			buildSettings = {
				ASSETCATALOG_COMPILER_APPICON_NAME = AppIcon;
				ASSETCATALOG_COMPILER_GLOBAL_ACCENT_COLOR_NAME = AccentColor;
				CODE_SIGN_STYLE = Automatic;
				CURRENT_PROJECT_VERSION = 1;
				DEVELOPMENT_ASSET_PATHS = "\"Assigment-4-Animated-Set/Preview Content\"";
				DEVELOPMENT_TEAM = V6DG8SQQ9J;
				ENABLE_PREVIEWS = YES;
				GENERATE_INFOPLIST_FILE = YES;
				INFOPLIST_KEY_UIApplicationSceneManifest_Generation = YES;
				INFOPLIST_KEY_UIApplicationSupportsIndirectInputEvents = YES;
				INFOPLIST_KEY_UILaunchScreen_Generation = YES;
				INFOPLIST_KEY_UISupportedInterfaceOrientations_iPad = "UIInterfaceOrientationPortrait UIInterfaceOrientationPortraitUpsideDown UIInterfaceOrientationLandscapeLeft UIInterfaceOrientationLandscapeRight";
				INFOPLIST_KEY_UISupportedInterfaceOrientations_iPhone = "UIInterfaceOrientationPortrait UIInterfaceOrientationLandscapeLeft UIInterfaceOrientationLandscapeRight";
				LD_RUNPATH_SEARCH_PATHS = (
					"$(inherited)",
					"@executable_path/Frameworks",
				);
				MARKETING_VERSION = 1.0;
				PRODUCT_BUNDLE_IDENTIFIER = "com.kadm.Assigment-4-Animated-Set";
				PRODUCT_NAME = "$(TARGET_NAME)";
				SWIFT_EMIT_LOC_STRINGS = YES;
				SWIFT_VERSION = 5.0;
				TARGETED_DEVICE_FAMILY = "1,2";
			};
			name = Debug;
		};
		00CEE2C62A6DAE6900CF9A8C /* Release */ = {
			isa = XCBuildConfiguration;
			buildSettings = {
				ASSETCATALOG_COMPILER_APPICON_NAME = AppIcon;
				ASSETCATALOG_COMPILER_GLOBAL_ACCENT_COLOR_NAME = AccentColor;
				CODE_SIGN_STYLE = Automatic;
				CURRENT_PROJECT_VERSION = 1;
				DEVELOPMENT_ASSET_PATHS = "\"Assigment-4-Animated-Set/Preview Content\"";
				DEVELOPMENT_TEAM = V6DG8SQQ9J;
				ENABLE_PREVIEWS = YES;
				GENERATE_INFOPLIST_FILE = YES;
				INFOPLIST_KEY_UIApplicationSceneManifest_Generation = YES;
				INFOPLIST_KEY_UIApplicationSupportsIndirectInputEvents = YES;
				INFOPLIST_KEY_UILaunchScreen_Generation = YES;
				INFOPLIST_KEY_UISupportedInterfaceOrientations_iPad = "UIInterfaceOrientationPortrait UIInterfaceOrientationPortraitUpsideDown UIInterfaceOrientationLandscapeLeft UIInterfaceOrientationLandscapeRight";
				INFOPLIST_KEY_UISupportedInterfaceOrientations_iPhone = "UIInterfaceOrientationPortrait UIInterfaceOrientationLandscapeLeft UIInterfaceOrientationLandscapeRight";
				LD_RUNPATH_SEARCH_PATHS = (
					"$(inherited)",
					"@executable_path/Frameworks",
				);
				MARKETING_VERSION = 1.0;
				PRODUCT_BUNDLE_IDENTIFIER = "com.kadm.Assigment-4-Animated-Set";
				PRODUCT_NAME = "$(TARGET_NAME)";
				SWIFT_EMIT_LOC_STRINGS = YES;
				SWIFT_VERSION = 5.0;
				TARGETED_DEVICE_FAMILY = "1,2";
			};
			name = Release;
		};
/* End XCBuildConfiguration section */

/* Begin XCConfigurationList section */
		00CEE2B12A6DAE6700CF9A8C /* Build configuration list for PBXProject "Assigment-4-Animated-Set" */ = {
			isa = XCConfigurationList;
			buildConfigurations = (
				00CEE2C22A6DAE6900CF9A8C /* Debug */,
				00CEE2C32A6DAE6900CF9A8C /* Release */,
			);
			defaultConfigurationIsVisible = 0;
			defaultConfigurationName = Release;
		};
		00CEE2C42A6DAE6900CF9A8C /* Build configuration list for PBXNativeTarget "Assigment-4-Animated-Set" */ = {
			isa = XCConfigurationList;
			buildConfigurations = (
				00CEE2C52A6DAE6900CF9A8C /* Debug */,
				00CEE2C62A6DAE6900CF9A8C /* Release */,
			);
			defaultConfigurationIsVisible = 0;
			defaultConfigurationName = Release;
		};
/* End XCConfigurationList section */
	};
	rootObject = 00CEE2AE2A6DAE6700CF9A8C /* Project object */;
}
